
Microsoft Visual Studio Solution File, Format Version 12.00
# Visual Studio Version 16
VisualStudioVersion = 16.0.30204.135
MinimumVisualStudioVersion = 10.0.40219.1
Project("{9A19103F-16F7-4668-BE54-9A1E7A4F7556}") = "AWSServerless", "AWSServerless\AWSServerless.csproj", "{C5E9CBA3-7C37-4CE4-8074-899330E49A9E}"
EndProject
Project("{9A19103F-16F7-4668-BE54-9A1E7A4F7556}") = "AWSServerless.Tests", "AWSServerless.Tests\AWSServerless.Tests.csproj", "{6C786EC8-802F-4B7D-9D7C-C963254D6FE4}"
EndProject
Project("{9A19103F-16F7-4668-BE54-9A1E7A4F7556}") = "SqsSender", "SqsSender\SqsSender.csproj", "{3C8602B4-08B1-4DBE-AA5A-75F0ED170401}"
EndProject
Project("{9A19103F-16F7-4668-BE54-9A1E7A4F7556}") = "SqsReceiver", "SqsReceiver\SqsReceiver.csproj", "{3C025FE6-D376-40CA-8042-4D6886011F12}"
EndProject
Project("{FAE04EC0-301F-11D3-BF4B-00C04F79EFBC}") = "DiHelper", "DiHelper\DiHelper.csproj", "{612AEF09-B7C8-4929-AEA0-C8E7FC351E24}"
EndProject
Global
	GlobalSection(SolutionConfigurationPlatforms) = preSolution
		Debug|Any CPU = Debug|Any CPU
		Release|Any CPU = Release|Any CPU
	EndGlobalSection
	GlobalSection(ProjectConfigurationPlatforms) = postSolution
		{C5E9CBA3-7C37-4CE4-8074-899330E49A9E}.Debug|Any CPU.ActiveCfg = Debug|Any CPU
		{C5E9CBA3-7C37-4CE4-8074-899330E49A9E}.Debug|Any CPU.Build.0 = Debug|Any CPU
		{C5E9CBA3-7C37-4CE4-8074-899330E49A9E}.Release|Any CPU.ActiveCfg = Release|Any CPU
		{C5E9CBA3-7C37-4CE4-8074-899330E49A9E}.Release|Any CPU.Build.0 = Release|Any CPU
		{6C786EC8-802F-4B7D-9D7C-C963254D6FE4}.Debug|Any CPU.ActiveCfg = Debug|Any CPU
		{6C786EC8-802F-4B7D-9D7C-C963254D6FE4}.Debug|Any CPU.Build.0 = Debug|Any CPU
		{6C786EC8-802F-4B7D-9D7C-C963254D6FE4}.Release|Any CPU.ActiveCfg = Release|Any CPU
		{6C786EC8-802F-4B7D-9D7C-C963254D6FE4}.Release|Any CPU.Build.0 = Release|Any CPU
		{3C8602B4-08B1-4DBE-AA5A-75F0ED170401}.Debug|Any CPU.ActiveCfg = Debug|Any CPU
		{3C8602B4-08B1-4DBE-AA5A-75F0ED170401}.Debug|Any CPU.Build.0 = Debug|Any CPU
		{3C8602B4-08B1-4DBE-AA5A-75F0ED170401}.Release|Any CPU.ActiveCfg = Release|Any CPU
		{3C8602B4-08B1-4DBE-AA5A-75F0ED170401}.Release|Any CPU.Build.0 = Release|Any CPU
		{3C025FE6-D376-40CA-8042-4D6886011F12}.Debug|Any CPU.ActiveCfg = Debug|Any CPU
		{3C025FE6-D376-40CA-8042-4D6886011F12}.Debug|Any CPU.Build.0 = Debug|Any CPU
		{3C025FE6-D376-40CA-8042-4D6886011F12}.Release|Any CPU.ActiveCfg = Release|Any CPU
		{3C025FE6-D376-40CA-8042-4D6886011F12}.Release|Any CPU.Build.0 = Release|Any CPU
		{612AEF09-B7C8-4929-AEA0-C8E7FC351E24}.Debug|Any CPU.ActiveCfg = Debug|Any CPU
		{612AEF09-B7C8-4929-AEA0-C8E7FC351E24}.Debug|Any CPU.Build.0 = Debug|Any CPU
		{612AEF09-B7C8-4929-AEA0-C8E7FC351E24}.Release|Any CPU.ActiveCfg = Release|Any CPU
		{612AEF09-B7C8-4929-AEA0-C8E7FC351E24}.Release|Any CPU.Build.0 = Release|Any CPU
	EndGlobalSection
	GlobalSection(SolutionProperties) = preSolution
		HideSolutionNode = FALSE
	EndGlobalSection
	GlobalSection(ExtensibilityGlobals) = postSolution
		SolutionGuid = {BF6E8B45-000C-4255-8D0F-5D7485640598}
	EndGlobalSection
EndGlobal
